
Microsoft Visual Studio Solution File, Format Version 12.00
# Visual Studio Version 16
VisualStudioVersion = 16.0.33027.164
MinimumVisualStudioVersion = 10.0.40219.1
Project("{9A19103F-16F7-4668-BE54-9A1E7A4F7556}") = "AnonymousMethods", "AnonymousMethods\AnonymousMethods.csproj", "{4B68BB83-4890-4686-9C66-C8C418DF3F54}"
EndProject
Project("{FAE04EC0-301F-11D3-BF4B-00C04F79EFBC}") = "ActionAnonymous", "ActionAnonymous\ActionAnonymous.csproj", "{B25F8C72-89F0-4017-BA6B-1091C540278F}"
EndProject
Global
	GlobalSection(SolutionConfigurationPlatforms) = preSolution
		Debug|Any CPU = Debug|Any CPU
		Release|Any CPU = Release|Any CPU
	EndGlobalSection
	GlobalSection(ProjectConfigurationPlatforms) = postSolution
		{4B68BB83-4890-4686-9C66-C8C418DF3F54}.Debug|Any CPU.ActiveCfg = Debug|Any CPU
		{4B68BB83-4890-4686-9C66-C8C418DF3F54}.Debug|Any CPU.Build.0 = Debug|Any CPU
		{4B68BB83-4890-4686-9C66-C8C418DF3F54}.Release|Any CPU.ActiveCfg = Release|Any CPU
		{4B68BB83-4890-4686-9C66-C8C418DF3F54}.Release|Any CPU.Build.0 = Release|Any CPU
		{B25F8C72-89F0-4017-BA6B-1091C540278F}.Debug|Any CPU.ActiveCfg = Debug|Any CPU
		{B25F8C72-89F0-4017-BA6B-1091C540278F}.Debug|Any CPU.Build.0 = Debug|Any CPU
		{B25F8C72-89F0-4017-BA6B-1091C540278F}.Release|Any CPU.ActiveCfg = Release|Any CPU
		{B25F8C72-89F0-4017-BA6B-1091C540278F}.Release|Any CPU.Build.0 = Release|Any CPU
	EndGlobalSection
	GlobalSection(SolutionProperties) = preSolution
		HideSolutionNode = FALSE
	EndGlobalSection
	GlobalSection(ExtensibilityGlobals) = postSolution
		SolutionGuid = {45AA8E68-CBCE-43BA-8F43-702F6ADC2BB6}
	EndGlobalSection
EndGlobal
